Microsoft Visual Studio Solution File, Format Version 12.00
# Visual Studio Version 17
VisualStudioVersion = 17.5.2.0
MinimumVisualStudioVersion = 10.0.40219.1
Project("{2150E333-8FDC-42A3-9474-1A3956D46DE8}") = "csharpProjects", "csharpProjects", "{377645E0-7459-E4D6-7B01-C40A186E0CA7}"
EndProject
Project("{FAE04EC0-301F-11D3-BF4B-00C04F79EFBC}") = "TareaSemana6", "csharpProjects\TareaSemana6\TareaSemana6.csproj", "{FC3F7265-EB2E-6093-5272-B00164A8435A}"
EndProject
Global
	GlobalSection(SolutionConfigurationPlatforms) = preSolution
		Debug|Any CPU = Debug|Any CPU
		Release|Any CPU = Release|Any CPU
	EndGlobalSection
	GlobalSection(ProjectConfigurationPlatforms) = postSolution
		{FC3F7265-EB2E-6093-5272-B00164A8435A}.Debug|Any CPU.ActiveCfg = Debug|Any CPU
		{FC3F7265-EB2E-6093-5272-B00164A8435A}.Debug|Any CPU.Build.0 = Debug|Any CPU
		{FC3F7265-EB2E-6093-5272-B00164A8435A}.Release|Any CPU.ActiveCfg = Release|Any CPU
		{FC3F7265-EB2E-6093-5272-B00164A8435A}.Release|Any CPU.Build.0 = Release|Any CPU
	EndGlobalSection
	GlobalSection(SolutionProperties) = preSolution
		HideSolutionNode = FALSE
	EndGlobalSection
	GlobalSection(NestedProjects) = preSolution
		{FC3F7265-EB2E-6093-5272-B00164A8435A} = {377645E0-7459-E4D6-7B01-C40A186E0CA7}
	EndGlobalSection
	GlobalSection(ExtensibilityGlobals) = postSolution
		SolutionGuid = {7582FD4F-6C46-403D-8824-736A05CA8816}
	EndGlobalSection
EndGlobal
