
Microsoft Visual Studio Solution File, Format Version 12.00
# Visual Studio Version 17
VisualStudioVersion = 17.5.2.0
MinimumVisualStudioVersion = 10.0.40219.1
Project("{2150E333-8FDC-42A3-9474-1A3956D46DE8}") = "csharpProjects", "csharpProjects", "{377645E0-7459-E4D6-7B01-C40A186E0CA7}"
EndProject
Project("{FAE04EC0-301F-11D3-BF4B-00C04F79EFBC}") = "TareaSemana6", "csharpProjects\TareaSemana6\TareaSemana6.csproj", "{FC3F7265-EB2E-6093-5272-B00164A8435A}"
EndProject
Project("{FAE04EC0-301F-11D3-BF4B-00C04F79EFBC}") = "Ejercicio 2", "csharpProjects\Ejercicio 2\Ejercicio 2.csproj", "{69959CF3-06EE-4E32-9798-2FF1AA030D0D}"
EndProject
Project("{FAE04EC0-301F-11D3-BF4B-00C04F79EFBC}") = "WebApplication1", "WebApplication1\WebApplication1.csproj", "{16E17667-4E2E-4115-85B3-C951862D61F8}"
EndProject
Project("{FAE04EC0-301F-11D3-BF4B-00C04F79EFBC}") = "TareaSemana7", "TareaSemana7\TareaSemana7.csproj", "{2FBB0657-A3F4-4372-A6B0-D6579D049649}"
EndProject
Project("{FAE04EC0-301F-11D3-BF4B-00C04F79EFBC}") = "Ejercicio2", "Ejercicio2\Ejercicio2.csproj", "{D7DE3A39-BBF6-4AD1-92D8-880704BD88C8}"
EndProject
Project("{FAE04EC0-301F-11D3-BF4B-00C04F79EFBC}") = "TareaSemana7ejercicio2", "TareaSemana7ejercicio2\TareaSemana7ejercicio2.csproj", "{4C59DE57-A574-4056-94BF-BFEA239CA0FE}"
EndProject
Global
	GlobalSection(SolutionConfigurationPlatforms) = preSolution
		Debug|Any CPU = Debug|Any CPU
		Debug|x64 = Debug|x64
		Debug|x86 = Debug|x86
		Release|Any CPU = Release|Any CPU
		Release|x64 = Release|x64
		Release|x86 = Release|x86
	EndGlobalSection
	GlobalSection(ProjectConfigurationPlatforms) = postSolution
		{FC3F7265-EB2E-6093-5272-B00164A8435A}.Debug|Any CPU.ActiveCfg = Debug|Any CPU
		{FC3F7265-EB2E-6093-5272-B00164A8435A}.Debug|Any CPU.Build.0 = Debug|Any CPU
		{FC3F7265-EB2E-6093-5272-B00164A8435A}.Debug|x64.ActiveCfg = Debug|Any CPU
		{FC3F7265-EB2E-6093-5272-B00164A8435A}.Debug|x64.Build.0 = Debug|Any CPU
		{FC3F7265-EB2E-6093-5272-B00164A8435A}.Debug|x86.ActiveCfg = Debug|Any CPU
		{FC3F7265-EB2E-6093-5272-B00164A8435A}.Debug|x86.Build.0 = Debug|Any CPU
		{FC3F7265-EB2E-6093-5272-B00164A8435A}.Release|Any CPU.ActiveCfg = Release|Any CPU
		{FC3F7265-EB2E-6093-5272-B00164A8435A}.Release|Any CPU.Build.0 = Release|Any CPU
		{FC3F7265-EB2E-6093-5272-B00164A8435A}.Release|x64.ActiveCfg = Release|Any CPU
		{FC3F7265-EB2E-6093-5272-B00164A8435A}.Release|x64.Build.0 = Release|Any CPU
		{FC3F7265-EB2E-6093-5272-B00164A8435A}.Release|x86.ActiveCfg = Release|Any CPU
		{FC3F7265-EB2E-6093-5272-B00164A8435A}.Release|x86.Build.0 = Release|Any CPU
		{69959CF3-06EE-4E32-9798-2FF1AA030D0D}.Debug|Any CPU.ActiveCfg = Debug|Any CPU
		{69959CF3-06EE-4E32-9798-2FF1AA030D0D}.Debug|Any CPU.Build.0 = Debug|Any CPU
		{69959CF3-06EE-4E32-9798-2FF1AA030D0D}.Debug|x64.ActiveCfg = Debug|Any CPU
		{69959CF3-06EE-4E32-9798-2FF1AA030D0D}.Debug|x64.Build.0 = Debug|Any CPU
		{69959CF3-06EE-4E32-9798-2FF1AA030D0D}.Debug|x86.ActiveCfg = Debug|Any CPU
		{69959CF3-06EE-4E32-9798-2FF1AA030D0D}.Debug|x86.Build.0 = Debug|Any CPU
		{69959CF3-06EE-4E32-9798-2FF1AA030D0D}.Release|Any CPU.ActiveCfg = Release|Any CPU
		{69959CF3-06EE-4E32-9798-2FF1AA030D0D}.Release|Any CPU.Build.0 = Release|Any CPU
		{69959CF3-06EE-4E32-9798-2FF1AA030D0D}.Release|x64.ActiveCfg = Release|Any CPU
		{69959CF3-06EE-4E32-9798-2FF1AA030D0D}.Release|x64.Build.0 = Release|Any CPU
		{69959CF3-06EE-4E32-9798-2FF1AA030D0D}.Release|x86.ActiveCfg = Release|Any CPU
		{69959CF3-06EE-4E32-9798-2FF1AA030D0D}.Release|x86.Build.0 = Release|Any CPU
		{16E17667-4E2E-4115-85B3-C951862D61F8}.Debug|Any CPU.ActiveCfg = Debug|Any CPU
		{16E17667-4E2E-4115-85B3-C951862D61F8}.Debug|Any CPU.Build.0 = Debug|Any CPU
		{16E17667-4E2E-4115-85B3-C951862D61F8}.Debug|x64.ActiveCfg = Debug|Any CPU
		{16E17667-4E2E-4115-85B3-C951862D61F8}.Debug|x64.Build.0 = Debug|Any CPU
		{16E17667-4E2E-4115-85B3-C951862D61F8}.Debug|x86.ActiveCfg = Debug|Any CPU
		{16E17667-4E2E-4115-85B3-C951862D61F8}.Debug|x86.Build.0 = Debug|Any CPU
		{16E17667-4E2E-4115-85B3-C951862D61F8}.Release|Any CPU.ActiveCfg = Release|Any CPU
		{16E17667-4E2E-4115-85B3-C951862D61F8}.Release|Any CPU.Build.0 = Release|Any CPU
		{16E17667-4E2E-4115-85B3-C951862D61F8}.Release|x64.ActiveCfg = Release|Any CPU
		{16E17667-4E2E-4115-85B3-C951862D61F8}.Release|x64.Build.0 = Release|Any CPU
		{16E17667-4E2E-4115-85B3-C951862D61F8}.Release|x86.ActiveCfg = Release|Any CPU
		{16E17667-4E2E-4115-85B3-C951862D61F8}.Release|x86.Build.0 = Release|Any CPU
		{2FBB0657-A3F4-4372-A6B0-D6579D049649}.Debug|Any CPU.ActiveCfg = Debug|Any CPU
		{2FBB0657-A3F4-4372-A6B0-D6579D049649}.Debug|Any CPU.Build.0 = Debug|Any CPU
		{2FBB0657-A3F4-4372-A6B0-D6579D049649}.Debug|x64.ActiveCfg = Debug|Any CPU
		{2FBB0657-A3F4-4372-A6B0-D6579D049649}.Debug|x64.Build.0 = Debug|Any CPU
		{2FBB0657-A3F4-4372-A6B0-D6579D049649}.Debug|x86.ActiveCfg = Debug|Any CPU
		{2FBB0657-A3F4-4372-A6B0-D6579D049649}.Debug|x86.Build.0 = Debug|Any CPU
		{2FBB0657-A3F4-4372-A6B0-D6579D049649}.Release|Any CPU.ActiveCfg = Release|Any CPU
		{2FBB0657-A3F4-4372-A6B0-D6579D049649}.Release|Any CPU.Build.0 = Release|Any CPU
		{2FBB0657-A3F4-4372-A6B0-D6579D049649}.Release|x64.ActiveCfg = Release|Any CPU
		{2FBB0657-A3F4-4372-A6B0-D6579D049649}.Release|x64.Build.0 = Release|Any CPU
		{2FBB0657-A3F4-4372-A6B0-D6579D049649}.Release|x86.ActiveCfg = Release|Any CPU
		{2FBB0657-A3F4-4372-A6B0-D6579D049649}.Release|x86.Build.0 = Release|Any CPU
		{D7DE3A39-BBF6-4AD1-92D8-880704BD88C8}.Debug|Any CPU.ActiveCfg = Debug|Any CPU
		{D7DE3A39-BBF6-4AD1-92D8-880704BD88C8}.Debug|Any CPU.Build.0 = Debug|Any CPU
		{D7DE3A39-BBF6-4AD1-92D8-880704BD88C8}.Debug|x64.ActiveCfg = Debug|Any CPU
		{D7DE3A39-BBF6-4AD1-92D8-880704BD88C8}.Debug|x64.Build.0 = Debug|Any CPU
		{D7DE3A39-BBF6-4AD1-92D8-880704BD88C8}.Debug|x86.ActiveCfg = Debug|Any CPU
		{D7DE3A39-BBF6-4AD1-92D8-880704BD88C8}.Debug|x86.Build.0 = Debug|Any CPU
		{D7DE3A39-BBF6-4AD1-92D8-880704BD88C8}.Release|Any CPU.ActiveCfg = Release|Any CPU
		{D7DE3A39-BBF6-4AD1-92D8-880704BD88C8}.Release|Any CPU.Build.0 = Release|Any CPU
		{D7DE3A39-BBF6-4AD1-92D8-880704BD88C8}.Release|x64.ActiveCfg = Release|Any CPU
		{D7DE3A39-BBF6-4AD1-92D8-880704BD88C8}.Release|x64.Build.0 = Release|Any CPU
		{D7DE3A39-BBF6-4AD1-92D8-880704BD88C8}.Release|x86.ActiveCfg = Release|Any CPU
		{D7DE3A39-BBF6-4AD1-92D8-880704BD88C8}.Release|x86.Build.0 = Release|Any CPU
		{4C59DE57-A574-4056-94BF-BFEA239CA0FE}.Debug|Any CPU.ActiveCfg = Debug|Any CPU
		{4C59DE57-A574-4056-94BF-BFEA239CA0FE}.Debug|Any CPU.Build.0 = Debug|Any CPU
		{4C59DE57-A574-4056-94BF-BFEA239CA0FE}.Debug|x64.ActiveCfg = Debug|Any CPU
		{4C59DE57-A574-4056-94BF-BFEA239CA0FE}.Debug|x64.Build.0 = Debug|Any CPU
		{4C59DE57-A574-4056-94BF-BFEA239CA0FE}.Debug|x86.ActiveCfg = Debug|Any CPU
		{4C59DE57-A574-4056-94BF-BFEA239CA0FE}.Debug|x86.Build.0 = Debug|Any CPU
		{4C59DE57-A574-4056-94BF-BFEA239CA0FE}.Release|Any CPU.ActiveCfg = Release|Any CPU
		{4C59DE57-A574-4056-94BF-BFEA239CA0FE}.Release|Any CPU.Build.0 = Release|Any CPU
		{4C59DE57-A574-4056-94BF-BFEA239CA0FE}.Release|x64.ActiveCfg = Release|Any CPU
		{4C59DE57-A574-4056-94BF-BFEA239CA0FE}.Release|x64.Build.0 = Release|Any CPU
		{4C59DE57-A574-4056-94BF-BFEA239CA0FE}.Release|x86.ActiveCfg = Release|Any CPU
		{4C59DE57-A574-4056-94BF-BFEA239CA0FE}.Release|x86.Build.0 = Release|Any CPU
	EndGlobalSection
	GlobalSection(SolutionProperties) = preSolution
		HideSolutionNode = FALSE
	EndGlobalSection
	GlobalSection(NestedProjects) = preSolution
		{FC3F7265-EB2E-6093-5272-B00164A8435A} = {377645E0-7459-E4D6-7B01-C40A186E0CA7}
		{69959CF3-06EE-4E32-9798-2FF1AA030D0D} = {377645E0-7459-E4D6-7B01-C40A186E0CA7}
	EndGlobalSection
	GlobalSection(ExtensibilityGlobals) = postSolution
		SolutionGuid = {7582FD4F-6C46-403D-8824-736A05CA8816}
	EndGlobalSection
EndGlobal
